
Microsoft Visual Studio Solution File, Format Version 12.00
# Visual Studio 14
VisualStudioVersion = 14.0.25420.1
MinimumVisualStudioVersion = 10.0.40219.1
Project("{FAE04EC0-301F-11D3-BF4B-00C04F79EFBC}") = "Stho.StateMachine", "Stho.StateMachine\Stho.StateMachine.csproj", "{A79DA390-A738-4E22-BE12-A4A6FCFCE9F6}"
EndProject
Project("{FAE04EC0-301F-11D3-BF4B-00C04F79EFBC}") = "TheTiredCyclist", "TheTiredCyclist\TheTiredCyclist.csproj", "{6330C94A-FA5B-48B3-BA61-32DB7E824F54}"
EndProject
Project("{FAE04EC0-301F-11D3-BF4B-00C04F79EFBC}") = "ProgramStateExample", "ProgramStateExample\ProgramStateExample.csproj", "{65EBF810-8AEC-4C46-B02D-F32949345650}"
EndProject
Global
	GlobalSection(SolutionConfigurationPlatforms) = preSolution
		Debug|Any CPU = Debug|Any CPU
		Release|Any CPU = Release|Any CPU
	EndGlobalSection
	GlobalSection(ProjectConfigurationPlatforms) = postSolution
		{A79DA390-A738-4E22-BE12-A4A6FCFCE9F6}.Debug|Any CPU.ActiveCfg = Debug|Any CPU
		{A79DA390-A738-4E22-BE12-A4A6FCFCE9F6}.Debug|Any CPU.Build.0 = Debug|Any CPU
		{A79DA390-A738-4E22-BE12-A4A6FCFCE9F6}.Release|Any CPU.ActiveCfg = Release|Any CPU
		{A79DA390-A738-4E22-BE12-A4A6FCFCE9F6}.Release|Any CPU.Build.0 = Release|Any CPU
		{6330C94A-FA5B-48B3-BA61-32DB7E824F54}.Debug|Any CPU.ActiveCfg = Debug|Any CPU
		{6330C94A-FA5B-48B3-BA61-32DB7E824F54}.Debug|Any CPU.Build.0 = Debug|Any CPU
		{6330C94A-FA5B-48B3-BA61-32DB7E824F54}.Release|Any CPU.ActiveCfg = Release|Any CPU
		{6330C94A-FA5B-48B3-BA61-32DB7E824F54}.Release|Any CPU.Build.0 = Release|Any CPU
		{65EBF810-8AEC-4C46-B02D-F32949345650}.Debug|Any CPU.ActiveCfg = Debug|Any CPU
		{65EBF810-8AEC-4C46-B02D-F32949345650}.Debug|Any CPU.Build.0 = Debug|Any CPU
		{65EBF810-8AEC-4C46-B02D-F32949345650}.Release|Any CPU.ActiveCfg = Release|Any CPU
		{65EBF810-8AEC-4C46-B02D-F32949345650}.Release|Any CPU.Build.0 = Release|Any CPU
	EndGlobalSection
	GlobalSection(SolutionProperties) = preSolution
		HideSolutionNode = FALSE
	EndGlobalSection
EndGlobal
